// !$*UTF8*$!
{
	archiveVersion = 1;
	classes = {
	};
	objectVersion = 48;
	objects = {

/* Begin PBXBuildFile section */
		AA7F16AC20388150002AF31F /* NetworkingKit.framework in Frameworks */ = {isa = PBXBuildFile; fileRef = AA7F16AB2038814F002AF31F /* NetworkingKit.framework */; };
		AA7F16B1203886BD002AF31F /* FunctionalKit.framework in Frameworks */ = {isa = PBXBuildFile; fileRef = AA7F16B0203886BD002AF31F /* FunctionalKit.framework */; };
		AA7F16B3203888EA002AF31F /* Cartfile in Resources */ = {isa = PBXBuildFile; fileRef = AA7F16B2203888EA002AF31F /* Cartfile */; };
		AA7F16B5203889F2002AF31F /* Reporting.framework in Frameworks */ = {isa = PBXBuildFile; fileRef = AA7F16B4203889F2002AF31F /* Reporting.framework */; };
		AA957AB52030FD9D0038DFC2 /* AppDelegate.swift in Sources */ = {isa = PBXBuildFile; fileRef = AA957AB42030FD9D0038DFC2 /* AppDelegate.swift */; };
		AA957AB72030FD9D0038DFC2 /* ViewController.swift in Sources */ = {isa = PBXBuildFile; fileRef = AA957AB62030FD9D0038DFC2 /* ViewController.swift */; };
		AA957ABA2030FD9E0038DFC2 /* Main.storyboard in Resources */ = {isa = PBXBuildFile; fileRef = AA957AB82030FD9D0038DFC2 /* Main.storyboard */; };
		AA957ABC2030FD9E0038DFC2 /* Assets.xcassets in Resources */ = {isa = PBXBuildFile; fileRef = AA957ABB2030FD9E0038DFC2 /* Assets.xcassets */; };
		AA957ABF2030FD9E0038DFC2 /* LaunchScreen.storyboard in Resources */ = {isa = PBXBuildFile; fileRef = AA957ABD2030FD9E0038DFC2 /* LaunchScreen.storyboard */; };
		AAA9B2C0203CD8E600EABCAC /* Request.swift in Sources */ = {isa = PBXBuildFile; fileRef = AAA9B2BF203CD8E600EABCAC /* Request.swift */; };
		AAB46C87203E15FF009C7647 /* Notification.swift in Sources */ = {isa = PBXBuildFile; fileRef = AAB46C86203E15FF009C7647 /* Notification.swift */; };
		AAB46C89203E1664009C7647 /* Location.swift in Sources */ = {isa = PBXBuildFile; fileRef = AAB46C88203E1664009C7647 /* Location.swift */; };
/* End PBXBuildFile section */

/* Begin PBXFileReference section */
		AA7F16AB2038814F002AF31F /* NetworkingKit.framework */ = {isa = PBXFileReference; lastKnownFileType = wrapper.framework; name = NetworkingKit.framework; path = Carthage/Build/iOS/NetworkingKit.framework; sourceTree = "<group>"; };
		AA7F16B0203886BD002AF31F /* FunctionalKit.framework */ = {isa = PBXFileReference; lastKnownFileType = wrapper.framework; name = FunctionalKit.framework; path = Carthage/Build/iOS/FunctionalKit.framework; sourceTree = "<group>"; };
		AA7F16B2203888EA002AF31F /* Cartfile */ = {isa = PBXFileReference; fileEncoding = 4; lastKnownFileType = text; path = Cartfile; sourceTree = "<group>"; };
		AA7F16B4203889F2002AF31F /* Reporting.framework */ = {isa = PBXFileReference; lastKnownFileType = wrapper.framework; name = Reporting.framework; path = Carthage/Build/iOS/Reporting.framework; sourceTree = "<group>"; };
		AA957AB12030FD9D0038DFC2 /* HoneyImHome.app */ = {isa = PBXFileReference; explicitFileType = wrapper.application; includeInIndex = 0; path = HoneyImHome.app; sourceTree = BUILT_PRODUCTS_DIR; };
		AA957AB42030FD9D0038DFC2 /* AppDelegate.swift */ = {isa = PBXFileReference; lastKnownFileType = sourcecode.swift; path = AppDelegate.swift; sourceTree = "<group>"; };
		AA957AB62030FD9D0038DFC2 /* ViewController.swift */ = {isa = PBXFileReference; lastKnownFileType = sourcecode.swift; path = ViewController.swift; sourceTree = "<group>"; };
		AA957AB92030FD9E0038DFC2 /* Base */ = {isa = PBXFileReference; lastKnownFileType = file.storyboard; name = Base; path = Base.lproj/Main.storyboard; sourceTree = "<group>"; };
		AA957ABB2030FD9E0038DFC2 /* Assets.xcassets */ = {isa = PBXFileReference; lastKnownFileType = folder.assetcatalog; path = Assets.xcassets; sourceTree = "<group>"; };
		AA957ABE2030FD9E0038DFC2 /* Base */ = {isa = PBXFileReference; lastKnownFileType = file.storyboard; name = Base; path = Base.lproj/LaunchScreen.storyboard; sourceTree = "<group>"; };
		AA957AC02030FD9E0038DFC2 /* Info.plist */ = {isa = PBXFileReference; lastKnownFileType = text.plist.xml; path = Info.plist; sourceTree = "<group>"; };
		AAA9B2BF203CD8E600EABCAC /* Request.swift */ = {isa = PBXFileReference; lastKnownFileType = sourcecode.swift; path = Request.swift; sourceTree = "<group>"; };
		AAB46C86203E15FF009C7647 /* Notification.swift */ = {isa = PBXFileReference; lastKnownFileType = sourcecode.swift; path = Notification.swift; sourceTree = "<group>"; };
		AAB46C88203E1664009C7647 /* Location.swift */ = {isa = PBXFileReference; lastKnownFileType = sourcecode.swift; path = Location.swift; sourceTree = "<group>"; };
/* End PBXFileReference section */

/* Begin PBXFrameworksBuildPhase section */
		AA957AAE2030FD9D0038DFC2 /* Frameworks */ = {
			isa = PBXFrameworksBuildPhase;
			buildActionMask = 2147483647;
			files = (
				AA7F16B5203889F2002AF31F /* Reporting.framework in Frameworks */,
				AA7F16B1203886BD002AF31F /* FunctionalKit.framework in Frameworks */,
				AA7F16AC20388150002AF31F /* NetworkingKit.framework in Frameworks */,
			);
			runOnlyForDeploymentPostprocessing = 0;
		};
/* End PBXFrameworksBuildPhase section */

/* Begin PBXGroup section */
		AA7F16AD20388153002AF31F /* Frameworks */ = {
			isa = PBXGroup;
			children = (
				AA7F16B4203889F2002AF31F /* Reporting.framework */,
				AA7F16B0203886BD002AF31F /* FunctionalKit.framework */,
				AA7F16AB2038814F002AF31F /* NetworkingKit.framework */,
			);
			name = Frameworks;
			sourceTree = "<group>";
		};
		AA957AA82030FD9D0038DFC2 = {
			isa = PBXGroup;
			children = (
				AA7F16B2203888EA002AF31F /* Cartfile */,
				AAB46C8A203E169F009C7647 /* Sources */,
				AA957AB32030FD9D0038DFC2 /* HoneyImHome */,
				AA957AB22030FD9D0038DFC2 /* Products */,
				AA7F16AD20388153002AF31F /* Frameworks */,
			);
			sourceTree = "<group>";
		};
		AA957AB22030FD9D0038DFC2 /* Products */ = {
			isa = PBXGroup;
			children = (
				AA957AB12030FD9D0038DFC2 /* HoneyImHome.app */,
			);
			name = Products;
			sourceTree = "<group>";
		};
		AA957AB32030FD9D0038DFC2 /* HoneyImHome */ = {
			isa = PBXGroup;
			children = (
				AA957AB42030FD9D0038DFC2 /* AppDelegate.swift */,
				AA957AB82030FD9D0038DFC2 /* Main.storyboard */,
				AA957ABB2030FD9E0038DFC2 /* Assets.xcassets */,
				AA957ABD2030FD9E0038DFC2 /* LaunchScreen.storyboard */,
				AA957AC02030FD9E0038DFC2 /* Info.plist */,
			);
			path = HoneyImHome;
			sourceTree = "<group>";
		};
		AAB46C8A203E169F009C7647 /* Sources */ = {
			isa = PBXGroup;
			children = (
				AA957AB62030FD9D0038DFC2 /* ViewController.swift */,
				AAA9B2BF203CD8E600EABCAC /* Request.swift */,
				AAB46C86203E15FF009C7647 /* Notification.swift */,
				AAB46C88203E1664009C7647 /* Location.swift */,
			);
			name = Sources;
			path = HoneyImHome;
			sourceTree = "<group>";
		};
/* End PBXGroup section */

/* Begin PBXNativeTarget section */
		AA957AB02030FD9D0038DFC2 /* HoneyImHome */ = {
			isa = PBXNativeTarget;
			buildConfigurationList = AA957AC32030FD9E0038DFC2 /* Build configuration list for PBXNativeTarget "HoneyImHome" */;
			buildPhases = (
				AA957AAD2030FD9D0038DFC2 /* Sources */,
				AA957AAE2030FD9D0038DFC2 /* Frameworks */,
				AA957AAF2030FD9D0038DFC2 /* Resources */,
				AA7F16AF2038818E002AF31F /* ShellScript */,
			);
			buildRules = (
			);
			dependencies = (
			);
			name = HoneyImHome;
			productName = HoneyImHome;
			productReference = AA957AB12030FD9D0038DFC2 /* HoneyImHome.app */;
			productType = "com.apple.product-type.application";
		};
/* End PBXNativeTarget section */

/* Begin PBXProject section */
		AA957AA92030FD9D0038DFC2 /* Project object */ = {
			isa = PBXProject;
			attributes = {
				LastSwiftUpdateCheck = 0920;
				LastUpgradeCheck = 0920;
				ORGANIZATIONNAME = "Christian Miranti";
				TargetAttributes = {
					AA957AB02030FD9D0038DFC2 = {
						CreatedOnToolsVersion = 9.2;
						ProvisioningStyle = Automatic;
					};
				};
			};
			buildConfigurationList = AA957AAC2030FD9D0038DFC2 /* Build configuration list for PBXProject "HoneyImHome" */;
			compatibilityVersion = "Xcode 8.0";
			developmentRegion = en;
			hasScannedForEncodings = 0;
			knownRegions = (
				en,
				Base,
			);
			mainGroup = AA957AA82030FD9D0038DFC2;
			productRefGroup = AA957AB22030FD9D0038DFC2 /* Products */;
			projectDirPath = "";
			projectRoot = "";
			targets = (
				AA957AB02030FD9D0038DFC2 /* HoneyImHome */,
			);
		};
/* End PBXProject section */

/* Begin PBXResourcesBuildPhase section */
		AA957AAF2030FD9D0038DFC2 /* Resources */ = {
			isa = PBXResourcesBuildPhase;
			buildActionMask = 2147483647;
			files = (
				AA957ABF2030FD9E0038DFC2 /* LaunchScreen.storyboard in Resources */,
				AA957ABC2030FD9E0038DFC2 /* Assets.xcassets in Resources */,
				AA7F16B3203888EA002AF31F /* Cartfile in Resources */,
				AA957ABA2030FD9E0038DFC2 /* Main.storyboard in Resources */,
			);
			runOnlyForDeploymentPostprocessing = 0;
		};
/* End PBXResourcesBuildPhase section */

/* Begin PBXShellScriptBuildPhase section */
		AA7F16AF2038818E002AF31F /* ShellScript */ = {
			isa = PBXShellScriptBuildPhase;
			buildActionMask = 2147483647;
			files = (
			);
			inputPaths = (
				"$(SRCROOT)/Carthage/Build/iOS/NetworkingKit.framework",
				"$(SRCROOT)/Carthage/Build/iOS/FunctionalKit.framework",
				"$(SRCROOT)/Carthage/Build/iOS/Reporting.framework",
				"$(SRCROOT)/Carthage/Build/iOS/Abstract.framework",
				"$(SRCROOT)/Carthage/Build/iOS/ExtraFoundation.framework",
			);
			outputPaths = (
			);
			runOnlyForDeploymentPostprocessing = 0;
			shellPath = /bin/sh;
			shellScript = "/usr/local/bin/carthage copy-frameworks";
		};
/* End PBXShellScriptBuildPhase section */

/* Begin PBXSourcesBuildPhase section */
		AA957AAD2030FD9D0038DFC2 /* Sources */ = {
			isa = PBXSourcesBuildPhase;
			buildActionMask = 2147483647;
			files = (
				AAB46C87203E15FF009C7647 /* Notification.swift in Sources */,
				AA957AB72030FD9D0038DFC2 /* ViewController.swift in Sources */,
				AAB46C89203E1664009C7647 /* Location.swift in Sources */,
				AAA9B2C0203CD8E600EABCAC /* Request.swift in Sources */,
				AA957AB52030FD9D0038DFC2 /* AppDelegate.swift in Sources */,
			);
			runOnlyForDeploymentPostprocessing = 0;
		};
/* End PBXSourcesBuildPhase section */

/* Begin PBXVariantGroup section */
		AA957AB82030FD9D0038DFC2 /* Main.storyboard */ = {
			isa = PBXVariantGroup;
			children = (
				AA957AB92030FD9E0038DFC2 /* Base */,
			);
			name = Main.storyboard;
			sourceTree = "<group>";
		};
		AA957ABD2030FD9E0038DFC2 /* LaunchScreen.storyboard */ = {
			isa = PBXVariantGroup;
			children = (
				AA957ABE2030FD9E0038DFC2 /* Base */,
			);
			name = LaunchScreen.storyboard;
			sourceTree = "<group>";
		};
/* End PBXVariantGroup section */

/* Begin XCBuildConfiguration section */
		AA957AC12030FD9E0038DFC2 /* Debug */ = {
			isa = XCBuildConfiguration;
			buildSettings = {
				ALWAYS_SEARCH_USER_PATHS = NO;
				CLANG_ANALYZER_NONNULL = YES;
				CLANG_ANALYZER_NUMBER_OBJECT_CONVERSION = YES_AGGRESSIVE;
				CLANG_CXX_LANGUAGE_STANDARD = "gnu++14";
				CLANG_CXX_LIBRARY = "libc++";
				CLANG_ENABLE_MODULES = YES;
				CLANG_ENABLE_OBJC_ARC = YES;
				CLANG_WARN_BLOCK_CAPTURE_AUTORELEASING = YES;
				CLANG_WARN_BOOL_CONVERSION = YES;
				CLANG_WARN_COMMA = YES;
				CLANG_WARN_CONSTANT_CONVERSION = YES;
				CLANG_WARN_DIRECT_OBJC_ISA_USAGE = YES_ERROR;
				CLANG_WARN_DOCUMENTATION_COMMENTS = YES;
				CLANG_WARN_EMPTY_BODY = YES;
				CLANG_WARN_ENUM_CONVERSION = YES;
				CLANG_WARN_INFINITE_RECURSION = YES;
				CLANG_WARN_INT_CONVERSION = YES;
				CLANG_WARN_NON_LITERAL_NULL_CONVERSION = YES;
				CLANG_WARN_OBJC_LITERAL_CONVERSION = YES;
				CLANG_WARN_OBJC_ROOT_CLASS = YES_ERROR;
				CLANG_WARN_RANGE_LOOP_ANALYSIS = YES;
				CLANG_WARN_STRICT_PROTOTYPES = YES;
				CLANG_WARN_SUSPICIOUS_MOVE = YES;
				CLANG_WARN_UNGUARDED_AVAILABILITY = YES_AGGRESSIVE;
				CLANG_WARN_UNREACHABLE_CODE = YES;
				CLANG_WARN__DUPLICATE_METHOD_MATCH = YES;
				CODE_SIGN_IDENTITY = "iPhone Developer";
				COPY_PHASE_STRIP = NO;
				DEBUG_INFORMATION_FORMAT = dwarf;
				ENABLE_STRICT_OBJC_MSGSEND = YES;
				ENABLE_TESTABILITY = YES;
				GCC_C_LANGUAGE_STANDARD = gnu11;
				GCC_DYNAMIC_NO_PIC = NO;
				GCC_NO_COMMON_BLOCKS = YES;
				GCC_OPTIMIZATION_LEVEL = 0;
				GCC_PREPROCESSOR_DEFINITIONS = (
					"DEBUG=1",
					"$(inherited)",
				);
				GCC_WARN_64_TO_32_BIT_CONVERSION = YES;
				GCC_WARN_ABOUT_RETURN_TYPE = YES_ERROR;
				GCC_WARN_UNDECLARED_SELECTOR = YES;
				GCC_WARN_UNINITIALIZED_AUTOS = YES_AGGRESSIVE;
				GCC_WARN_UNUSED_FUNCTION = YES;
				GCC_WARN_UNUSED_VARIABLE = YES;
				IPHONEOS_DEPLOYMENT_TARGET = 11.0;
				MTL_ENABLE_DEBUG_INFO = YES;
				ONLY_ACTIVE_ARCH = YES;
				SDKROOT = iphoneos;
				SWIFT_ACTIVE_COMPILATION_CONDITIONS = DEBUG;
				SWIFT_OPTIMIZATION_LEVEL = "-Onone";
			};
			name = Debug;
		};
		AA957AC22030FD9E0038DFC2 /* Release */ = {
			isa = XCBuildConfiguration;
			buildSettings = {
				ALWAYS_SEARCH_USER_PATHS = NO;
				CLANG_ANALYZER_NONNULL = YES;
				CLANG_ANALYZER_NUMBER_OBJECT_CONVERSION = YES_AGGRESSIVE;
				CLANG_CXX_LANGUAGE_STANDARD = "gnu++14";
				CLANG_CXX_LIBRARY = "libc++";
				CLANG_ENABLE_MODULES = YES;
				CLANG_ENABLE_OBJC_ARC = YES;
				CLANG_WARN_BLOCK_CAPTURE_AUTORELEASING = YES;
				CLANG_WARN_BOOL_CONVERSION = YES;
				CLANG_WARN_COMMA = YES;
				CLANG_WARN_CONSTANT_CONVERSION = YES;
				CLANG_WARN_DIRECT_OBJC_ISA_USAGE = YES_ERROR;
				CLANG_WARN_DOCUMENTATION_COMMENTS = YES;
				CLANG_WARN_EMPTY_BODY = YES;
				CLANG_WARN_ENUM_CONVERSION = YES;
				CLANG_WARN_INFINITE_RECURSION = YES;
				CLANG_WARN_INT_CONVERSION = YES;
				CLANG_WARN_NON_LITERAL_NULL_CONVERSION = YES;
				CLANG_WARN_OBJC_LITERAL_CONVERSION = YES;
				CLANG_WARN_OBJC_ROOT_CLASS = YES_ERROR;
				CLANG_WARN_RANGE_LOOP_ANALYSIS = YES;
				CLANG_WARN_STRICT_PROTOTYPES = YES;
				CLANG_WARN_SUSPICIOUS_MOVE = YES;
				CLANG_WARN_UNGUARDED_AVAILABILITY = YES_AGGRESSIVE;
				CLANG_WARN_UNREACHABLE_CODE = YES;
				CLANG_WARN__DUPLICATE_METHOD_MATCH = YES;
				CODE_SIGN_IDENTITY = "iPhone Developer";
				COPY_PHASE_STRIP = NO;
				DEBUG_INFORMATION_FORMAT = "dwarf-with-dsym";
				ENABLE_NS_ASSERTIONS = NO;
				ENABLE_STRICT_OBJC_MSGSEND = YES;
				GCC_C_LANGUAGE_STANDARD = gnu11;
				GCC_NO_COMMON_BLOCKS = YES;
				GCC_WARN_64_TO_32_BIT_CONVERSION = YES;
				GCC_WARN_ABOUT_RETURN_TYPE = YES_ERROR;
				GCC_WARN_UNDECLARED_SELECTOR = YES;
				GCC_WARN_UNINITIALIZED_AUTOS = YES_AGGRESSIVE;
				GCC_WARN_UNUSED_FUNCTION = YES;
				GCC_WARN_UNUSED_VARIABLE = YES;
				IPHONEOS_DEPLOYMENT_TARGET = 11.0;
				MTL_ENABLE_DEBUG_INFO = NO;
				SDKROOT = iphoneos;
				SWIFT_OPTIMIZATION_LEVEL = "-Owholemodule";
				VALIDATE_PRODUCT = YES;
			};
			name = Release;
		};
		AA957AC42030FD9E0038DFC2 /* Debug */ = {
			isa = XCBuildConfiguration;
			buildSettings = {
				ASSETCATALOG_COMPILER_APPICON_NAME = AppIcon;
				CODE_SIGN_STYLE = Automatic;
				DEVELOPMENT_TEAM = 4Q9TT86Q67;
				FRAMEWORK_SEARCH_PATHS = (
					"$(inherited)",
					"$(PROJECT_DIR)/Carthage/Build/iOS",
				);
				INFOPLIST_FILE = HoneyImHome/Info.plist;
				IPHONEOS_DEPLOYMENT_TARGET = 11.0;
				LD_RUNPATH_SEARCH_PATHS = "$(inherited) @executable_path/Frameworks";
				PRODUCT_BUNDLE_IDENTIFIER = christian.miranti.HoneyImHome;
				PRODUCT_NAME = "$(TARGET_NAME)";
				SWIFT_VERSION = 4.0;
				TARGETED_DEVICE_FAMILY = "1,2";
			};
			name = Debug;
		};
		AA957AC52030FD9E0038DFC2 /* Release */ = {
			isa = XCBuildConfiguration;
			buildSettings = {
				ASSETCATALOG_COMPILER_APPICON_NAME = AppIcon;
				CODE_SIGN_STYLE = Automatic;
				DEVELOPMENT_TEAM = 4Q9TT86Q67;
				FRAMEWORK_SEARCH_PATHS = (
					"$(inherited)",
					"$(PROJECT_DIR)/Carthage/Build/iOS",
				);
				INFOPLIST_FILE = HoneyImHome/Info.plist;
				IPHONEOS_DEPLOYMENT_TARGET = 11.0;
				LD_RUNPATH_SEARCH_PATHS = "$(inherited) @executable_path/Frameworks";
				PRODUCT_BUNDLE_IDENTIFIER = christian.miranti.HoneyImHome;
				PRODUCT_NAME = "$(TARGET_NAME)";
				SWIFT_VERSION = 4.0;
				TARGETED_DEVICE_FAMILY = "1,2";
			};
			name = Release;
		};
/* End XCBuildConfiguration section */

/* Begin XCConfigurationList section */
		AA957AAC2030FD9D0038DFC2 /* Build configuration list for PBXProject "HoneyImHome" */ = {
			isa = XCConfigurationList;
			buildConfigurations = (
				AA957AC12030FD9E0038DFC2 /* Debug */,
				AA957AC22030FD9E0038DFC2 /* Release */,
			);
			defaultConfigurationIsVisible = 0;
			defaultConfigurationName = Release;
		};
		AA957AC32030FD9E0038DFC2 /* Build configuration list for PBXNativeTarget "HoneyImHome" */ = {
			isa = XCConfigurationList;
			buildConfigurations = (
				AA957AC42030FD9E0038DFC2 /* Debug */,
				AA957AC52030FD9E0038DFC2 /* Release */,
			);
			defaultConfigurationIsVisible = 0;
			defaultConfigurationName = Release;
		};
/* End XCConfigurationList section */
	};
	rootObject = AA957AA92030FD9D0038DFC2 /* Project object */;
}
